# This file was autogenerated by uv via the following command:
#    uv pip compile stand/terraform/files/requirements.txt --python-version 3.11 --output-file stand/terraform/files/requirements.lock
aiohappyeyeballs==2.7.1
    # via aiohttp
aiohttp==3.14.3
    # via
    #   litellm
    #   oci
aiosignal==1.4.0
    # via aiohttp
annotated-doc==0.0.5
    # via fastapi
annotated-types==0.8.0
    # via pydantic
anyio==4.15.1
    # via
    #   httpx
    #   openai
    #   starlette
attrs==26.1.0
    # via
    #   aiohttp
    #   jsonschema
    #   referencing
boto3==1.43.91
    # via litellm
botocore==1.43.91
    # via
    #   boto3
    #   s3transfer
certifi==2026.7.22
    # via
    #   httpcore
    #   httpx
    #   oci
    #   requests
cffi==2.1.1
    # via cryptography
charset-normalizer==3.5.1
    # via requests
circuitbreaker==2.1.3
    # via oci
click==8.5.0
    # via
    #   huggingface-hub
    #   litellm
    #   uvicorn
crc32c==2.8
    # via oci
cryptography==50.0.1
    # via
    #   oci
    #   pyopenssl
distro==1.9.0
    # via openai
fastapi==0.141.1
    # via -r stand/terraform/files/requirements.txt
fastuuid==0.14.0
    # via litellm
filelock==3.32.6
    # via huggingface-hub
frozenlist==1.8.0
    # via
    #   aiohttp
    #   aiosignal
fsspec==2026.7.0
    # via huggingface-hub
h11==0.16.0
    # via
    #   httpcore
    #   uvicorn
hf-xet==1.6.0
    # via huggingface-hub
httpcore==1.0.9
    # via httpx
httpx==0.28.1
    # via
    #   huggingface-hub
    #   litellm
    #   openai
huggingface-hub==1.31.0
    # via tokenizers
idna==3.19
    # via
    #   anyio
    #   httpx
    #   requests
    #   yarl
importlib-metadata==8.9.0
    # via litellm
jinja2==3.1.6
    # via litellm
jiter==0.16.0
    # via openai
jmespath==1.1.0
    # via
    #   boto3
    #   botocore
jsonschema==4.26.0
    # via litellm
jsonschema-specifications==2025.9.1
    # via jsonschema
litellm==1.100.1
    # via -r stand/terraform/files/requirements.txt
markupsafe==3.0.3
    # via jinja2
multidict==6.8.0
    # via
    #   aiohttp
    #   yarl
oci==2.185.2
    # via -r stand/terraform/files/requirements.txt
openai==2.54.0
    # via litellm
packaging==26.3
    # via huggingface-hub
propcache==0.5.2
    # via
    #   aiohttp
    #   yarl
pycparser==3.0
    # via cffi
pydantic==2.13.5
    # via
    #   fastapi
    #   litellm
    #   openai
    #   pydantic-settings
pydantic-core==2.46.5
    # via pydantic
pydantic-settings==2.15.0
    # via litellm
pyjwt==2.13.0
    # via oci
pyopenssl==26.4.0
    # via oci
python-dateutil==2.9.0.post0
    # via
    #   botocore
    #   oci
python-dotenv==1.2.3
    # via
    #   litellm
    #   pydantic-settings
pytz==2026.3.post1
    # via oci
pyyaml==6.0.3
    # via huggingface-hub
referencing==0.37.0
    # via
    #   jsonschema
    #   jsonschema-specifications
regex==2026.9.10
    # via tiktoken
requests==2.34.2
    # via tiktoken
rpds-py==2026.6.3
    # via
    #   jsonschema
    #   referencing
s3transfer==0.19.2
    # via boto3
six==1.17.0
    # via python-dateutil
sniffio==1.3.1
    # via openai
starlette==1.6.0
    # via fastapi
tiktoken==0.14.0
    # via litellm
tokenizers==0.23.2
    # via litellm
tqdm==4.70.0
    # via
    #   huggingface-hub
    #   openai
typing-extensions==4.16.0
    # via
    #   aiohttp
    #   aiosignal
    #   anyio
    #   fastapi
    #   huggingface-hub
    #   openai
    #   pydantic
    #   pydantic-core
    #   pyopenssl
    #   referencing
    #   starlette
    #   typing-inspection
typing-inspection==0.4.4
    # via
    #   fastapi
    #   pydantic
    #   pydantic-settings
urllib3==2.7.0
    # via
    #   botocore
    #   oci
    #   requests
uvicorn==0.52.4
    # via -r stand/terraform/files/requirements.txt
yarl==1.24.5
    # via aiohttp
zipp==4.1.0
    # via importlib-metadata
